
Microsoft Visual Studio Solution File, Format Version 12.00
# Visual Studio Version 17
VisualStudioVersion = 17.0.33027.175
MinimumVisualStudioVersion = 10.0.40219.1
Project("{FAE04EC0-301F-11D3-BF4B-00C04F79EFBC}") = "imgProcBasic", "imgProcBasic\imgProcBasic.csproj", "{9BA3DA72-4A31-405C-9E21-A87A4B3B2D97}"
EndProject
Global
	GlobalSection(SolutionConfigurationPlatforms) = preSolution
		Debug|Any CPU = Debug|Any CPU
		Release|Any CPU = Release|Any CPU
	EndGlobalSection
	GlobalSection(ProjectConfigurationPlatforms) = postSolution
		{9BA3DA72-4A31-405C-9E21-A87A4B3B2D97}.Debug|Any CPU.ActiveCfg = Debug|Any CPU
		{9BA3DA72-4A31-405C-9E21-A87A4B3B2D97}.Debug|Any CPU.Build.0 = Debug|Any CPU
		{9BA3DA72-4A31-405C-9E21-A87A4B3B2D97}.Release|Any CPU.ActiveCfg = Release|Any CPU
		{9BA3DA72-4A31-405C-9E21-A87A4B3B2D97}.Release|Any CPU.Build.0 = Release|Any CPU
	EndGlobalSection
	GlobalSection(SolutionProperties) = preSolution
		HideSolutionNode = FALSE
	EndGlobalSection
	GlobalSection(ExtensibilityGlobals) = postSolution
		SolutionGuid = {D274153E-C5DA-4FD6-A931-2AA69DA5A929}
	EndGlobalSection
EndGlobal
