
Microsoft Visual Studio Solution File, Format Version 12.00
# Visual Studio Version 17
VisualStudioVersion = 17.0.33027.175
MinimumVisualStudioVersion = 10.0.40219.1
Project("{FAE04EC0-301F-11D3-BF4B-00C04F79EFBC}") = "pozycjonowanie", "pozycjonowanie\pozycjonowanie.csproj", "{DDBE0B50-8EE7-4C34-8050-237264B57223}"
EndProject
Global
	GlobalSection(SolutionConfigurationPlatforms) = preSolution
		Debug|Any CPU = Debug|Any CPU
		Release|Any CPU = Release|Any CPU
	EndGlobalSection
	GlobalSection(ProjectConfigurationPlatforms) = postSolution
		{DDBE0B50-8EE7-4C34-8050-237264B57223}.Debug|Any CPU.ActiveCfg = Debug|Any CPU
		{DDBE0B50-8EE7-4C34-8050-237264B57223}.Debug|Any CPU.Build.0 = Debug|Any CPU
		{DDBE0B50-8EE7-4C34-8050-237264B57223}.Release|Any CPU.ActiveCfg = Release|Any CPU
		{DDBE0B50-8EE7-4C34-8050-237264B57223}.Release|Any CPU.Build.0 = Release|Any CPU
	EndGlobalSection
	GlobalSection(SolutionProperties) = preSolution
		HideSolutionNode = FALSE
	EndGlobalSection
	GlobalSection(ExtensibilityGlobals) = postSolution
		SolutionGuid = {2AD90B70-16DD-40A6-B42E-FB2204F94756}
	EndGlobalSection
EndGlobal
