
Microsoft Visual Studio Solution File, Format Version 12.00
# Visual Studio Version 17
VisualStudioVersion = 17.0.33027.175
MinimumVisualStudioVersion = 10.0.40219.1
Project("{FAE04EC0-301F-11D3-BF4B-00C04F79EFBC}") = "cameraopen", "cameraopen\cameraopen.csproj", "{B43604B0-EF2B-4D1D-B932-90711DCC98D7}"
EndProject
Global
	GlobalSection(SolutionConfigurationPlatforms) = preSolution
		Debug|Any CPU = Debug|Any CPU
		Release|Any CPU = Release|Any CPU
	EndGlobalSection
	GlobalSection(ProjectConfigurationPlatforms) = postSolution
		{B43604B0-EF2B-4D1D-B932-90711DCC98D7}.Debug|Any CPU.ActiveCfg = Debug|Any CPU
		{B43604B0-EF2B-4D1D-B932-90711DCC98D7}.Debug|Any CPU.Build.0 = Debug|Any CPU
		{B43604B0-EF2B-4D1D-B932-90711DCC98D7}.Release|Any CPU.ActiveCfg = Release|Any CPU
		{B43604B0-EF2B-4D1D-B932-90711DCC98D7}.Release|Any CPU.Build.0 = Release|Any CPU
	EndGlobalSection
	GlobalSection(SolutionProperties) = preSolution
		HideSolutionNode = FALSE
	EndGlobalSection
	GlobalSection(ExtensibilityGlobals) = postSolution
		SolutionGuid = {60F90E57-942F-43D8-B042-7B73B573BB8F}
	EndGlobalSection
EndGlobal
