
Microsoft Visual Studio Solution File, Format Version 12.00
# Visual Studio Version 17
VisualStudioVersion = 17.0.33027.175
MinimumVisualStudioVersion = 10.0.40219.1
Project("{FAE04EC0-301F-11D3-BF4B-00C04F79EFBC}") = "sinikiaerotech", "sinikiaerotech\sinikiaerotech.csproj", "{CE15A305-0E4B-493C-8BEB-B69041A36763}"
EndProject
Global
	GlobalSection(SolutionConfigurationPlatforms) = preSolution
		Debug|Any CPU = Debug|Any CPU
		Release|Any CPU = Release|Any CPU
	EndGlobalSection
	GlobalSection(ProjectConfigurationPlatforms) = postSolution
		{CE15A305-0E4B-493C-8BEB-B69041A36763}.Debug|Any CPU.ActiveCfg = Debug|Any CPU
		{CE15A305-0E4B-493C-8BEB-B69041A36763}.Debug|Any CPU.Build.0 = Debug|Any CPU
		{CE15A305-0E4B-493C-8BEB-B69041A36763}.Release|Any CPU.ActiveCfg = Release|Any CPU
		{CE15A305-0E4B-493C-8BEB-B69041A36763}.Release|Any CPU.Build.0 = Release|Any CPU
	EndGlobalSection
	GlobalSection(SolutionProperties) = preSolution
		HideSolutionNode = FALSE
	EndGlobalSection
	GlobalSection(ExtensibilityGlobals) = postSolution
		SolutionGuid = {C1276EEE-B20B-4E61-A1CC-6DAF5F15E7E1}
	EndGlobalSection
EndGlobal
